
Microsoft Visual Studio Solution File, Format Version 12.00
# Visual Studio Version 17
VisualStudioVersion = 17.5.33627.172
MinimumVisualStudioVersion = 10.0.40219.1
Project("{FAE04EC0-301F-11D3-BF4B-00C04F79EFBC}") = "BlazorApp1Test", "BlazorApp1Test\BlazorApp1Test.csproj", "{B9762643-E3F0-457A-B2BE-9814FCF1FA9D}"
EndProject
Global
	GlobalSection(SolutionConfigurationPlatforms) = preSolution
		Debug|Any CPU = Debug|Any CPU
		Release|Any CPU = Release|Any CPU
	EndGlobalSection
	GlobalSection(ProjectConfigurationPlatforms) = postSolution
		{B9762643-E3F0-457A-B2BE-9814FCF1FA9D}.Debug|Any CPU.ActiveCfg = Debug|Any CPU
		{B9762643-E3F0-457A-B2BE-9814FCF1FA9D}.Debug|Any CPU.Build.0 = Debug|Any CPU
		{B9762643-E3F0-457A-B2BE-9814FCF1FA9D}.Release|Any CPU.ActiveCfg = Release|Any CPU
		{B9762643-E3F0-457A-B2BE-9814FCF1FA9D}.Release|Any CPU.Build.0 = Release|Any CPU
	EndGlobalSection
	GlobalSection(SolutionProperties) = preSolution
		HideSolutionNode = FALSE
	EndGlobalSection
	GlobalSection(ExtensibilityGlobals) = postSolution
		SolutionGuid = {C1CD5C5E-9C5C-49B4-99B4-462AECCA8D7E}
	EndGlobalSection
EndGlobal
